
Microsoft Visual Studio Solution File, Format Version 12.00
# Visual Studio Version 16
VisualStudioVersion = 16.0.30413.136
MinimumVisualStudioVersion = 10.0.40219.1
Project("{9A19103F-16F7-4668-BE54-9A1E7A4F7556}") = "API_Labb1", "API_Labb1.csproj", "{0BF16FA4-38BA-4724-A8A4-2D6D78BCC43B}"
EndProject
Project("{FAE04EC0-301F-11D3-BF4B-00C04F79EFBC}") = "MVC_Labb1", "..\MVC_Labb1\MVC_Labb1.csproj", "{C551642B-1DDF-4FEF-A92E-5E1AC9806D18}"
EndProject
Global
	GlobalSection(SolutionConfigurationPlatforms) = preSolution
		Debug|Any CPU = Debug|Any CPU
		Release|Any CPU = Release|Any CPU
	EndGlobalSection
	GlobalSection(ProjectConfigurationPlatforms) = postSolution
		{0BF16FA4-38BA-4724-A8A4-2D6D78BCC43B}.Debug|Any CPU.ActiveCfg = Debug|Any CPU
		{0BF16FA4-38BA-4724-A8A4-2D6D78BCC43B}.Debug|Any CPU.Build.0 = Debug|Any CPU
		{0BF16FA4-38BA-4724-A8A4-2D6D78BCC43B}.Release|Any CPU.ActiveCfg = Release|Any CPU
		{0BF16FA4-38BA-4724-A8A4-2D6D78BCC43B}.Release|Any CPU.Build.0 = Release|Any CPU
		{C551642B-1DDF-4FEF-A92E-5E1AC9806D18}.Debug|Any CPU.ActiveCfg = Debug|Any CPU
		{C551642B-1DDF-4FEF-A92E-5E1AC9806D18}.Debug|Any CPU.Build.0 = Debug|Any CPU
		{C551642B-1DDF-4FEF-A92E-5E1AC9806D18}.Release|Any CPU.ActiveCfg = Release|Any CPU
		{C551642B-1DDF-4FEF-A92E-5E1AC9806D18}.Release|Any CPU.Build.0 = Release|Any CPU
	EndGlobalSection
	GlobalSection(SolutionProperties) = preSolution
		HideSolutionNode = FALSE
	EndGlobalSection
	GlobalSection(ExtensibilityGlobals) = postSolution
		SolutionGuid = {CD047127-2AC0-4FE4-BB06-181A046E3427}
	EndGlobalSection
EndGlobal
